
Microsoft Visual Studio Solution File, Format Version 12.00
# Visual Studio Version 16
VisualStudioVersion = 16.0.29025.244
MinimumVisualStudioVersion = 10.0.40219.1
Project("{FAE04EC0-301F-11D3-BF4B-00C04F79EFBC}") = "castelar.parcial1.macchioli.nicolas", "castelar.parcial1.macchioli.nicolas\castelar.parcial1.macchioli.nicolas.csproj", "{48AFA680-E741-4B3A-A1B2-9B9EE9574A78}"
EndProject
Global
	GlobalSection(SolutionConfigurationPlatforms) = preSolution
		Debug|Any CPU = Debug|Any CPU
		Release|Any CPU = Release|Any CPU
	EndGlobalSection
	GlobalSection(ProjectConfigurationPlatforms) = postSolution
		{48AFA680-E741-4B3A-A1B2-9B9EE9574A78}.Debug|Any CPU.ActiveCfg = Debug|Any CPU
		{48AFA680-E741-4B3A-A1B2-9B9EE9574A78}.Debug|Any CPU.Build.0 = Debug|Any CPU
		{48AFA680-E741-4B3A-A1B2-9B9EE9574A78}.Release|Any CPU.ActiveCfg = Release|Any CPU
		{48AFA680-E741-4B3A-A1B2-9B9EE9574A78}.Release|Any CPU.Build.0 = Release|Any CPU
	EndGlobalSection
	GlobalSection(SolutionProperties) = preSolution
		HideSolutionNode = FALSE
	EndGlobalSection
	GlobalSection(ExtensibilityGlobals) = postSolution
		SolutionGuid = {7E9CCC78-A460-4887-B098-B165DF730A8D}
	EndGlobalSection
EndGlobal
